{
  "originHash" : "c9cefa09bc8d02c3ba57c8aca3e17848b2675515a3cf294e579afd49dc049039",
  "pins" : [
    {
      "identity" : "axswift",
      "kind" : "remoteSourceControl",
      "location" : "https://github.com/tisfeng/AXSwift.git",
      "state" : {
        "revision" : "2efa201fa18184de98674165592fd1ecb0c00a6d",
        "version" : "0.3.6"
      }
    },
    {
      "identity" : "keysender",
      "kind" : "remoteSourceControl",
      "location" : "https://github.com/jordanbaird/KeySender",
      "state" : {
        "revision" : "99584bf1a03ab600cc44be89a2dcd98b2dbeb9de",
        "version" : "0.0.5"
      }
    }
  ],
  "version" : 3
}
